
Microsoft Visual Studio Solution File, Format Version 12.00
# Visual Studio Version 17
VisualStudioVersion = 17.3.32811.315
MinimumVisualStudioVersion = 10.0.40219.1
Project("{FAE04EC0-301F-11D3-BF4B-00C04F79EFBC}") = "Quizy.API", "Quizy.API\Quizy.API.csproj", "{5BF8389D-D738-4F7E-9B48-C1F5B85E4CDD}"
EndProject
Project("{FAE04EC0-301F-11D3-BF4B-00C04F79EFBC}") = "Quizy.User.Domain", "Quizy.User.Domain\Quizy.User.Domain.csproj", "{B2F9ED33-B1D9-419E-920D-744E060C2BD9}"
EndProject
Project("{FAE04EC0-301F-11D3-BF4B-00C04F79EFBC}") = "Quizy.User.Tests", "Quizy.User.Tests\Quizy.User.Tests.csproj", "{A062C821-1771-44C3-A2A9-9088FB11B51E}"
EndProject
Project("{FAE04EC0-301F-11D3-BF4B-00C04F79EFBC}") = "Quizy.Shared", "Quizy.Shared\Quizy.Shared.csproj", "{4EF45A11-6251-4A3E-A2D3-3901B6DD6FBA}"
EndProject
Project("{FAE04EC0-301F-11D3-BF4B-00C04F79EFBC}") = "Quizy.User.API", "Quizy.User.API\Quizy.User.API.csproj", "{6FF65BC5-7574-4D65-AB5E-A168B0A60068}"
EndProject
Global
	GlobalSection(SolutionConfigurationPlatforms) = preSolution
		Debug|Any CPU = Debug|Any CPU
		Release|Any CPU = Release|Any CPU
	EndGlobalSection
	GlobalSection(ProjectConfigurationPlatforms) = postSolution
		{5BF8389D-D738-4F7E-9B48-C1F5B85E4CDD}.Debug|Any CPU.ActiveCfg = Debug|Any CPU
		{5BF8389D-D738-4F7E-9B48-C1F5B85E4CDD}.Debug|Any CPU.Build.0 = Debug|Any CPU
		{5BF8389D-D738-4F7E-9B48-C1F5B85E4CDD}.Release|Any CPU.ActiveCfg = Release|Any CPU
		{5BF8389D-D738-4F7E-9B48-C1F5B85E4CDD}.Release|Any CPU.Build.0 = Release|Any CPU
		{B2F9ED33-B1D9-419E-920D-744E060C2BD9}.Debug|Any CPU.ActiveCfg = Debug|Any CPU
		{B2F9ED33-B1D9-419E-920D-744E060C2BD9}.Debug|Any CPU.Build.0 = Debug|Any CPU
		{B2F9ED33-B1D9-419E-920D-744E060C2BD9}.Release|Any CPU.ActiveCfg = Release|Any CPU
		{B2F9ED33-B1D9-419E-920D-744E060C2BD9}.Release|Any CPU.Build.0 = Release|Any CPU
		{A062C821-1771-44C3-A2A9-9088FB11B51E}.Debug|Any CPU.ActiveCfg = Debug|Any CPU
		{A062C821-1771-44C3-A2A9-9088FB11B51E}.Debug|Any CPU.Build.0 = Debug|Any CPU
		{A062C821-1771-44C3-A2A9-9088FB11B51E}.Release|Any CPU.ActiveCfg = Release|Any CPU
		{A062C821-1771-44C3-A2A9-9088FB11B51E}.Release|Any CPU.Build.0 = Release|Any CPU
		{4EF45A11-6251-4A3E-A2D3-3901B6DD6FBA}.Debug|Any CPU.ActiveCfg = Debug|Any CPU
		{4EF45A11-6251-4A3E-A2D3-3901B6DD6FBA}.Debug|Any CPU.Build.0 = Debug|Any CPU
		{4EF45A11-6251-4A3E-A2D3-3901B6DD6FBA}.Release|Any CPU.ActiveCfg = Release|Any CPU
		{4EF45A11-6251-4A3E-A2D3-3901B6DD6FBA}.Release|Any CPU.Build.0 = Release|Any CPU
		{6FF65BC5-7574-4D65-AB5E-A168B0A60068}.Debug|Any CPU.ActiveCfg = Debug|Any CPU
		{6FF65BC5-7574-4D65-AB5E-A168B0A60068}.Debug|Any CPU.Build.0 = Debug|Any CPU
		{6FF65BC5-7574-4D65-AB5E-A168B0A60068}.Release|Any CPU.ActiveCfg = Release|Any CPU
		{6FF65BC5-7574-4D65-AB5E-A168B0A60068}.Release|Any CPU.Build.0 = Release|Any CPU
	EndGlobalSection
	GlobalSection(SolutionProperties) = preSolution
		HideSolutionNode = FALSE
	EndGlobalSection
	GlobalSection(ExtensibilityGlobals) = postSolution
		SolutionGuid = {78513DCD-0315-4F70-908C-C0C955662F05}
	EndGlobalSection
EndGlobal
